
Microsoft Visual Studio Solution File, Format Version 12.00
# Visual Studio 15
VisualStudioVersion = 15.0.27130.2010
MinimumVisualStudioVersion = 10.0.40219.1
Project("{FAE04EC0-301F-11D3-BF4B-00C04F79EFBC}") = "GeneticAlgorithmsWithCSharp", "GeneticAlgorithms\GeneticAlgorithms.csproj", "{2477B513-A377-4E6A-A277-B507BB81790D}"
EndProject
Global
	GlobalSection(SolutionConfigurationPlatforms) = preSolution
		Debug|Any CPU = Debug|Any CPU
		Release|Any CPU = Release|Any CPU
	EndGlobalSection
	GlobalSection(ProjectConfigurationPlatforms) = postSolution
		{2477B513-A377-4E6A-A277-B507BB81790D}.Debug|Any CPU.ActiveCfg = Debug|Any CPU
		{2477B513-A377-4E6A-A277-B507BB81790D}.Debug|Any CPU.Build.0 = Debug|Any CPU
		{2477B513-A377-4E6A-A277-B507BB81790D}.Release|Any CPU.ActiveCfg = Release|Any CPU
		{2477B513-A377-4E6A-A277-B507BB81790D}.Release|Any CPU.Build.0 = Release|Any CPU
	EndGlobalSection
	GlobalSection(SolutionProperties) = preSolution
		HideSolutionNode = FALSE
	EndGlobalSection
	GlobalSection(ExtensibilityGlobals) = postSolution
		SolutionGuid = {FB403DB5-5093-4E76-881B-01C1939700B7}
	EndGlobalSection
EndGlobal
